{
  "name": "homebridge-airly2",
  "version": "0.1.1",
  "lockfileVersion": 3,
  "requires": true,
  "packages": {
    "": {
      "name": "homebridge-airly2",
      "version": "0.1.1",
      "license": "GNU",
      "dependencies": {},
      "engines": {
        "homebridge": ">=1.0.0",
        "node": ">=16.0.0"
      }
    }
  }
}
